{
    "version": 3,
    "terraform_version": "0.11.5",
    "serial": 4,
    "lineage": "75bc8b57-6d91-60a0-7569-31b2f0065e09",
    "modules": [
        {
            "path": [
                "root"
            ],
            "outputs": {},
            "resources": {
                "aws_internet_gateway.tf_internet_gateway": {
                    "type": "aws_internet_gateway",
                    "depends_on": [
                        "aws_vpc.tf_vpc"
                    ],
                    "primary": {
                        "id": "igw-036eff85467edb743",
                        "attributes": {
                            "id": "igw-036eff85467edb743",
                            "owner_id": "699240805242",
                            "tags.%": "1",
                            "tags.Name": "tf_igw",
                            "vpc_id": "vpc-0035cfa59ae4a8641"
                        },
                        "meta": {},
                        "tainted": false
                    },
                    "deposed": [],
                    "provider": "provider.aws"
                },
                "aws_route_table.tf_public_rt": {
                    "type": "aws_route_table",
                    "depends_on": [
                        "aws_internet_gateway.tf_internet_gateway",
                        "aws_vpc.tf_vpc"
                    ],
                    "primary": {
                        "id": "rtb-01b722f6bd6dc6730",
                        "attributes": {
                            "id": "rtb-01b722f6bd6dc6730",
                            "owner_id": "699240805242",
                            "propagating_vgws.#": "0",
                            "route.#": "1",
                            "route.3596223324.cidr_block": "0.0.0.0/0",
                            "route.3596223324.egress_only_gateway_id": "",
                            "route.3596223324.gateway_id": "igw-036eff85467edb743",
                            "route.3596223324.instance_id": "",
                            "route.3596223324.ipv6_cidr_block": "",
                            "route.3596223324.nat_gateway_id": "",
                            "route.3596223324.network_interface_id": "",
                            "route.3596223324.transit_gateway_id": "",
                            "route.3596223324.vpc_peering_connection_id": "",
                            "tags.%": "1",
                            "tags.Name": "tf_public",
                            "vpc_id": "vpc-0035cfa59ae4a8641"
                        },
                        "meta": {},
                        "tainted": false
                    },
                    "deposed": [],
                    "provider": "provider.aws"
                },
                "aws_vpc.tf_vpc": {
                    "type": "aws_vpc",
                    "depends_on": [],
                    "primary": {
                        "id": "vpc-0035cfa59ae4a8641",
                        "attributes": {
                            "arn": "arn:aws:ec2:us-west-2:699240805242:vpc/vpc-0035cfa59ae4a8641",
                            "assign_generated_ipv6_cidr_block": "false",
                            "cidr_block": "10.123.0.0/16",
                            "default_network_acl_id": "acl-06e8964f00029935e",
                            "default_route_table_id": "rtb-0eb7520c40db352eb",
                            "default_security_group_id": "sg-0a4db2a61596ee233",
                            "dhcp_options_id": "dopt-50874c28",
                            "enable_classiclink": "false",
                            "enable_classiclink_dns_support": "false",
                            "enable_dns_hostnames": "true",
                            "enable_dns_support": "true",
                            "id": "vpc-0035cfa59ae4a8641",
                            "instance_tenancy": "default",
                            "ipv6_association_id": "",
                            "ipv6_cidr_block": "",
                            "main_route_table_id": "rtb-0eb7520c40db352eb",
                            "owner_id": "699240805242",
                            "tags.%": "1",
                            "tags.Name": "tf_vpc"
                        },
                        "meta": {
                            "schema_version": "1"
                        },
                        "tainted": false
                    },
                    "deposed": [],
                    "provider": "provider.aws"
                },
                "data.aws_availability_zones.available": {
                    "type": "aws_availability_zones",
                    "depends_on": [],
                    "primary": {
                        "id": "2018-12-26 07:12:34.39520231 +0000 UTC",
                        "attributes": {
                            "id": "2018-12-26 07:12:34.39520231 +0000 UTC",
                            "names.#": "3",
                            "names.0": "us-west-2a",
                            "names.1": "us-west-2b",
                            "names.2": "us-west-2c",
                            "zone_ids.#": "3",
                            "zone_ids.0": "usw2-az2",
                            "zone_ids.1": "usw2-az1",
                            "zone_ids.2": "usw2-az3"
                        },
                        "meta": {},
                        "tainted": false
                    },
                    "deposed": [],
                    "provider": "provider.aws"
                }
            },
            "depends_on": []
        }
    ]
}
