{
    "version": 3,
    "terraform_version": "0.11.5",
    "serial": 2,
    "lineage": "ea54bc69-ce09-0ba5-c80a-93c4d85b3563",
    "modules": [
        {
            "path": [
                "root"
            ],
            "outputs": {
                "bucketname": {
                    "sensitive": false,
                    "type": "string",
                    "value": "terraform-9235"
                }
            },
            "resources": {
                "aws_s3_bucket.tf_code": {
                    "type": "aws_s3_bucket",
                    "depends_on": [
                        "random_id.tf_bucked_id"
                    ],
                    "primary": {
                        "id": "terraform-9235",
                        "attributes": {
                            "acceleration_status": "",
                            "acl": "private",
                            "arn": "arn:aws:s3:::terraform-9235",
                            "bucket": "terraform-9235",
                            "bucket_domain_name": "terraform-9235.s3.amazonaws.com",
                            "bucket_regional_domain_name": "terraform-9235.s3.us-west-1.amazonaws.com",
                            "cors_rule.#": "0",
                            "force_destroy": "true",
                            "hosted_zone_id": "Z2F56UZL2M1ACD",
                            "id": "terraform-9235",
                            "lifecycle_rule.#": "0",
                            "logging.#": "0",
                            "region": "us-west-1",
                            "replication_configuration.#": "0",
                            "request_payer": "BucketOwner",
                            "server_side_encryption_configuration.#": "0",
                            "tags.%": "1",
                            "tags.Name": "tf_bucket",
                            "versioning.#": "1",
                            "versioning.0.enabled": "false",
                            "versioning.0.mfa_delete": "false",
                            "website.#": "0"
                        },
                        "meta": {},
                        "tainted": false
                    },
                    "deposed": [],
                    "provider": "provider.aws"
                },
                "random_id.tf_bucked_id": {
                    "type": "random_id",
                    "depends_on": [],
                    "primary": {
                        "id": "JBM",
                        "attributes": {
                            "b64": "JBM",
                            "b64_std": "JBM=",
                            "b64_url": "JBM",
                            "byte_length": "2",
                            "dec": "9235",
                            "hex": "2413",
                            "id": "JBM"
                        },
                        "meta": {},
                        "tainted": false
                    },
                    "deposed": [],
                    "provider": "provider.random"
                }
            },
            "depends_on": []
        }
    ]
}
